
Microsoft Visual Studio Solution File, Format Version 12.00
Project("{2150E333-8FDC-42A3-9474-1A3956D46DE8}") = "src", "src", "{2ABBEC22-95A3-437C-94C1-3E6083F5EE51}"
EndProject
Project("{2150E333-8FDC-42A3-9474-1A3956D46DE8}") = "BuildingBlocks", "BuildingBlocks", "{18367DEC-9EEB-4EC2-BCDF-6EC00616D6F7}"
EndProject
Project("{FAE04EC0-301F-11D3-BF4B-00C04F79EFBC}") = "BuildingBlocks", "src\BuildingBlocks\BuildingBlocks\BuildingBlocks.csproj", "{53DD3C72-1D3B-4C06-8BAE-922B9849809A}"
EndProject
Project("{2150E333-8FDC-42A3-9474-1A3956D46DE8}") = "Services", "Services", "{E2D97456-17AA-4E70-98FF-6006DE2EDDEC}"
EndProject
Project("{2150E333-8FDC-42A3-9474-1A3956D46DE8}") = "Merchant", "Merchant", "{2FD5E243-48F5-4AC0-A517-1ABF6BB1B708}"
EndProject
Project("{FAE04EC0-301F-11D3-BF4B-00C04F79EFBC}") = "Merchant.Api", "src\Services\Merchant\Merchant.Api\Merchant.Api.csproj", "{B74189CC-FF66-4C92-A72A-CE33BAF796CC}"
EndProject
Project("{2150E333-8FDC-42A3-9474-1A3956D46DE8}") = "docs", "docs", "{C38A8607-17BA-43D8-97BC-5808977A347F}"
	ProjectSection(SolutionItems) = preProject
		docs\port-mapping.md = docs\port-mapping.md
		docs\roadmap.md = docs\roadmap.md
	EndProjectSection
EndProject
Project("{2150E333-8FDC-42A3-9474-1A3956D46DE8}") = "tests", "tests", "{16324693-9B2C-451C-B4B2-9833589E9FD9}"
EndProject
Project("{2150E333-8FDC-42A3-9474-1A3956D46DE8}") = "Services", "Services", "{0F3DA1A4-A6D3-4215-87C7-2C44CF38DDFC}"
EndProject
Project("{2150E333-8FDC-42A3-9474-1A3956D46DE8}") = "Merchant", "Merchant", "{851B950C-5743-4DD7-8550-7CE31215BBB7}"
EndProject
Project("{FAE04EC0-301F-11D3-BF4B-00C04F79EFBC}") = "Merchant.Test", "tests\Services\Merchant\Merchant.Test\Merchant.Test.csproj", "{354D6D3C-C20D-47C3-B001-44B036E93F14}"
EndProject
Project("{2150E333-8FDC-42A3-9474-1A3956D46DE8}") = "Builders", "Builders", "{1B4665F8-FE05-41AD-B192-8EB8ACD98F60}"
EndProject
Project("{FAE04EC0-301F-11D3-BF4B-00C04F79EFBC}") = "Builder", "tests\Builders\Builder\Builder.csproj", "{3EDA3849-6371-41DE-A426-84AC64BEE29F}"
EndProject
Project("{2150E333-8FDC-42A3-9474-1A3956D46DE8}") = "Seeds", "Seeds", "{A9AEB044-46C4-4174-9BA6-04D376FD1D72}"
EndProject
Project("{FAE04EC0-301F-11D3-BF4B-00C04F79EFBC}") = "SeedApp", "tests\Seeds\SeedApp\SeedApp.csproj", "{32705691-3563-49B0-82F8-BB8F9E38907E}"
EndProject
Project("{2150E333-8FDC-42A3-9474-1A3956D46DE8}") = "Catalog", "Catalog", "{B7F69945-06C0-462A-BC41-75AD64A83292}"
EndProject
Project("{FAE04EC0-301F-11D3-BF4B-00C04F79EFBC}") = "Catalog.Api", "src\Services\Catalog\Catalog.Api\Catalog.Api.csproj", "{E8242224-4CED-471F-868C-C837DEE7B21C}"
EndProject
Project("{2150E333-8FDC-42A3-9474-1A3956D46DE8}") = "Catalog", "Catalog", "{F11CA0DE-D4AD-41BF-AC75-DDACD188F0D3}"
EndProject
Project("{FAE04EC0-301F-11D3-BF4B-00C04F79EFBC}") = "Catalog.Test", "tests\Services\Catalog\Catalog.Test\Catalog.Test.csproj", "{0ACCEA29-52B2-4C3A-8B4D-76A661441D7E}"
EndProject
Project("{2150E333-8FDC-42A3-9474-1A3956D46DE8}") = "Basket", "Basket", "{80836DFF-0F7A-498C-BDF2-76AE9D85918D}"
EndProject
Project("{FAE04EC0-301F-11D3-BF4B-00C04F79EFBC}") = "Basket.Api", "src\Services\Basket\Basket.Api\Basket.Api.csproj", "{5042D27F-7FCE-4A46-AB2C-D17B1A7E5898}"
EndProject
Project("{2150E333-8FDC-42A3-9474-1A3956D46DE8}") = "Basket", "Basket", "{CFD283FC-45F6-438C-B01D-06FE96BB0BF7}"
EndProject
Project("{FAE04EC0-301F-11D3-BF4B-00C04F79EFBC}") = "Basket.Test", "tests\Services\Basket\Basket.Test\Basket.Test.csproj", "{857F34D2-B4BA-4B5A-B7F9-6FA41E1950E0}"
EndProject
Project("{FAE04EC0-301F-11D3-BF4B-00C04F79EFBC}") = "BuildingBlocks.Storage", "src\BuildingBlocks\BuildingBlocks.Storage\BuildingBlocks.Storage.csproj", "{FE222950-6DBE-4DB9-9305-0DB3B712B926}"
EndProject
Project("{2150E333-8FDC-42A3-9474-1A3956D46DE8}") = "Order", "Order", "{8CF5BB67-7736-45A5-A507-EA021CD4D952}"
EndProject
Project("{FAE04EC0-301F-11D3-BF4B-00C04F79EFBC}") = "Order.Api", "src\Services\Order\Order.Api\Order.Api.csproj", "{ED69D0C1-FB74-4B0B-8C38-B1984539C9FB}"
EndProject
Project("{2150E333-8FDC-42A3-9474-1A3956D46DE8}") = "Order", "Order", "{B270D9B3-C0C2-4FAE-9920-7F950F0B886E}"
EndProject
Project("{FAE04EC0-301F-11D3-BF4B-00C04F79EFBC}") = "Order.Test", "tests\Services\Order\Order.Test\Order.Test.csproj", "{654B3FF7-6AD8-4CCB-B701-6F2AE20C4CDE}"
EndProject
Project("{2150E333-8FDC-42A3-9474-1A3956D46DE8}") = "Edges", "Edges", "{D402071C-B9F9-47E6-858C-087D06AEDDB0}"
EndProject
Project("{FAE04EC0-301F-11D3-BF4B-00C04F79EFBC}") = "BackendForFrontend.Api", "src\Edges\BackendForFrontend.Api\BackendForFrontend.Api.csproj", "{1428ECC5-1B7E-4A11-9593-55271FF864AD}"
EndProject
Project("{2150E333-8FDC-42A3-9474-1A3956D46DE8}") = "Edges", "Edges", "{73A6C398-7013-486A-8018-C96BF2F44DF9}"
EndProject
Project("{FAE04EC0-301F-11D3-BF4B-00C04F79EFBC}") = "BackendForFrontend.Test", "tests\Edges\BackendForFrontend.Test\BackendForFrontend.Test.csproj", "{D66CF0B5-D066-41B1-B522-89F5EE419E45}"
EndProject
Project("{2150E333-8FDC-42A3-9474-1A3956D46DE8}") = "Bruno", "Bruno", "{18BD9DDB-466C-4630-B6D6-E794B09AAC8D}"
	ProjectSection(SolutionItems) = preProject
		docs\Bruno\bruno.json = docs\Bruno\bruno.json
	EndProjectSection
EndProject
Project("{FAE04EC0-301F-11D3-BF4B-00C04F79EFBC}") = "MarketSpace.AppHost", "MarketSpace.AppHost\MarketSpace.AppHost.csproj", "{DDE0B5A2-AA50-4620-BEA1-780E96FF9028}"
EndProject
Project("{FAE04EC0-301F-11D3-BF4B-00C04F79EFBC}") = "MarketSpace.ServiceDefaults", "MarketSpace.ServiceDefaults\MarketSpace.ServiceDefaults.csproj", "{310B3793-42DA-4495-9ED7-C85ADB1CA110}"
EndProject
Project("{2150E333-8FDC-42A3-9474-1A3956D46DE8}") = "infra", "infra", "{0E59F629-A466-4FDB-B1F4-373D8229A5EF}"
EndProject
Project("{2150E333-8FDC-42A3-9474-1A3956D46DE8}") = "User", "User", "{3ACC8CCB-C250-4313-A8E2-CFA1D0A2FC3B}"
EndProject
Project("{FAE04EC0-301F-11D3-BF4B-00C04F79EFBC}") = "User", "src\Services\User\User.csproj", "{18D0F0F8-355E-4EBA-BD5C-39CCBF4AB57E}"
EndProject
Project("{2150E333-8FDC-42A3-9474-1A3956D46DE8}") = "User", "User", "{339D47C1-C45F-4D66-8BE4-FD9957345F77}"
EndProject
Project("{FAE04EC0-301F-11D3-BF4B-00C04F79EFBC}") = "User.Test", "tests\Services\User\User.Test\User.Test.csproj", "{1D3022CF-1736-4456-95B3-39C5171A9861}"
EndProject
Global
	GlobalSection(SolutionConfigurationPlatforms) = preSolution
		Debug|Any CPU = Debug|Any CPU
		Debug|x64 = Debug|x64
		Debug|x86 = Debug|x86
		Release|Any CPU = Release|Any CPU
		Release|x64 = Release|x64
		Release|x86 = Release|x86
	EndGlobalSection
	GlobalSection(ProjectConfigurationPlatforms) = postSolution
		{53DD3C72-1D3B-4C06-8BAE-922B9849809A}.Debug|Any CPU.ActiveCfg = Debug|Any CPU
		{53DD3C72-1D3B-4C06-8BAE-922B9849809A}.Debug|Any CPU.Build.0 = Debug|Any CPU
		{53DD3C72-1D3B-4C06-8BAE-922B9849809A}.Debug|x64.ActiveCfg = Debug|Any CPU
		{53DD3C72-1D3B-4C06-8BAE-922B9849809A}.Debug|x64.Build.0 = Debug|Any CPU
		{53DD3C72-1D3B-4C06-8BAE-922B9849809A}.Debug|x86.ActiveCfg = Debug|Any CPU
		{53DD3C72-1D3B-4C06-8BAE-922B9849809A}.Debug|x86.Build.0 = Debug|Any CPU
		{53DD3C72-1D3B-4C06-8BAE-922B9849809A}.Release|Any CPU.ActiveCfg = Release|Any CPU
		{53DD3C72-1D3B-4C06-8BAE-922B9849809A}.Release|Any CPU.Build.0 = Release|Any CPU
		{53DD3C72-1D3B-4C06-8BAE-922B9849809A}.Release|x64.ActiveCfg = Release|Any CPU
		{53DD3C72-1D3B-4C06-8BAE-922B9849809A}.Release|x64.Build.0 = Release|Any CPU
		{53DD3C72-1D3B-4C06-8BAE-922B9849809A}.Release|x86.ActiveCfg = Release|Any CPU
		{53DD3C72-1D3B-4C06-8BAE-922B9849809A}.Release|x86.Build.0 = Release|Any CPU
		{B74189CC-FF66-4C92-A72A-CE33BAF796CC}.Debug|Any CPU.ActiveCfg = Debug|Any CPU
		{B74189CC-FF66-4C92-A72A-CE33BAF796CC}.Debug|Any CPU.Build.0 = Debug|Any CPU
		{B74189CC-FF66-4C92-A72A-CE33BAF796CC}.Debug|x64.ActiveCfg = Debug|Any CPU
		{B74189CC-FF66-4C92-A72A-CE33BAF796CC}.Debug|x64.Build.0 = Debug|Any CPU
		{B74189CC-FF66-4C92-A72A-CE33BAF796CC}.Debug|x86.ActiveCfg = Debug|Any CPU
		{B74189CC-FF66-4C92-A72A-CE33BAF796CC}.Debug|x86.Build.0 = Debug|Any CPU
		{B74189CC-FF66-4C92-A72A-CE33BAF796CC}.Release|Any CPU.ActiveCfg = Release|Any CPU
		{B74189CC-FF66-4C92-A72A-CE33BAF796CC}.Release|Any CPU.Build.0 = Release|Any CPU
		{B74189CC-FF66-4C92-A72A-CE33BAF796CC}.Release|x64.ActiveCfg = Release|Any CPU
		{B74189CC-FF66-4C92-A72A-CE33BAF796CC}.Release|x64.Build.0 = Release|Any CPU
		{B74189CC-FF66-4C92-A72A-CE33BAF796CC}.Release|x86.ActiveCfg = Release|Any CPU
		{B74189CC-FF66-4C92-A72A-CE33BAF796CC}.Release|x86.Build.0 = Release|Any CPU
		{354D6D3C-C20D-47C3-B001-44B036E93F14}.Debug|Any CPU.ActiveCfg = Debug|Any CPU
		{354D6D3C-C20D-47C3-B001-44B036E93F14}.Debug|Any CPU.Build.0 = Debug|Any CPU
		{354D6D3C-C20D-47C3-B001-44B036E93F14}.Debug|x64.ActiveCfg = Debug|Any CPU
		{354D6D3C-C20D-47C3-B001-44B036E93F14}.Debug|x64.Build.0 = Debug|Any CPU
		{354D6D3C-C20D-47C3-B001-44B036E93F14}.Debug|x86.ActiveCfg = Debug|Any CPU
		{354D6D3C-C20D-47C3-B001-44B036E93F14}.Debug|x86.Build.0 = Debug|Any CPU
		{354D6D3C-C20D-47C3-B001-44B036E93F14}.Release|Any CPU.ActiveCfg = Release|Any CPU
		{354D6D3C-C20D-47C3-B001-44B036E93F14}.Release|Any CPU.Build.0 = Release|Any CPU
		{354D6D3C-C20D-47C3-B001-44B036E93F14}.Release|x64.ActiveCfg = Release|Any CPU
		{354D6D3C-C20D-47C3-B001-44B036E93F14}.Release|x64.Build.0 = Release|Any CPU
		{354D6D3C-C20D-47C3-B001-44B036E93F14}.Release|x86.ActiveCfg = Release|Any CPU
		{354D6D3C-C20D-47C3-B001-44B036E93F14}.Release|x86.Build.0 = Release|Any CPU
		{3EDA3849-6371-41DE-A426-84AC64BEE29F}.Debug|Any CPU.ActiveCfg = Debug|Any CPU
		{3EDA3849-6371-41DE-A426-84AC64BEE29F}.Debug|Any CPU.Build.0 = Debug|Any CPU
		{3EDA3849-6371-41DE-A426-84AC64BEE29F}.Debug|x64.ActiveCfg = Debug|Any CPU
		{3EDA3849-6371-41DE-A426-84AC64BEE29F}.Debug|x64.Build.0 = Debug|Any CPU
		{3EDA3849-6371-41DE-A426-84AC64BEE29F}.Debug|x86.ActiveCfg = Debug|Any CPU
		{3EDA3849-6371-41DE-A426-84AC64BEE29F}.Debug|x86.Build.0 = Debug|Any CPU
		{3EDA3849-6371-41DE-A426-84AC64BEE29F}.Release|Any CPU.ActiveCfg = Release|Any CPU
		{3EDA3849-6371-41DE-A426-84AC64BEE29F}.Release|Any CPU.Build.0 = Release|Any CPU
		{3EDA3849-6371-41DE-A426-84AC64BEE29F}.Release|x64.ActiveCfg = Release|Any CPU
		{3EDA3849-6371-41DE-A426-84AC64BEE29F}.Release|x64.Build.0 = Release|Any CPU
		{3EDA3849-6371-41DE-A426-84AC64BEE29F}.Release|x86.ActiveCfg = Release|Any CPU
		{3EDA3849-6371-41DE-A426-84AC64BEE29F}.Release|x86.Build.0 = Release|Any CPU
		{32705691-3563-49B0-82F8-BB8F9E38907E}.Debug|Any CPU.ActiveCfg = Debug|Any CPU
		{32705691-3563-49B0-82F8-BB8F9E38907E}.Debug|Any CPU.Build.0 = Debug|Any CPU
		{32705691-3563-49B0-82F8-BB8F9E38907E}.Debug|x64.ActiveCfg = Debug|Any CPU
		{32705691-3563-49B0-82F8-BB8F9E38907E}.Debug|x64.Build.0 = Debug|Any CPU
		{32705691-3563-49B0-82F8-BB8F9E38907E}.Debug|x86.ActiveCfg = Debug|Any CPU
		{32705691-3563-49B0-82F8-BB8F9E38907E}.Debug|x86.Build.0 = Debug|Any CPU
		{32705691-3563-49B0-82F8-BB8F9E38907E}.Release|Any CPU.ActiveCfg = Release|Any CPU
		{32705691-3563-49B0-82F8-BB8F9E38907E}.Release|Any CPU.Build.0 = Release|Any CPU
		{32705691-3563-49B0-82F8-BB8F9E38907E}.Release|x64.ActiveCfg = Release|Any CPU
		{32705691-3563-49B0-82F8-BB8F9E38907E}.Release|x64.Build.0 = Release|Any CPU
		{32705691-3563-49B0-82F8-BB8F9E38907E}.Release|x86.ActiveCfg = Release|Any CPU
		{32705691-3563-49B0-82F8-BB8F9E38907E}.Release|x86.Build.0 = Release|Any CPU
		{E8242224-4CED-471F-868C-C837DEE7B21C}.Debug|Any CPU.ActiveCfg = Debug|Any CPU
		{E8242224-4CED-471F-868C-C837DEE7B21C}.Debug|Any CPU.Build.0 = Debug|Any CPU
		{E8242224-4CED-471F-868C-C837DEE7B21C}.Debug|x64.ActiveCfg = Debug|Any CPU
		{E8242224-4CED-471F-868C-C837DEE7B21C}.Debug|x64.Build.0 = Debug|Any CPU
		{E8242224-4CED-471F-868C-C837DEE7B21C}.Debug|x86.ActiveCfg = Debug|Any CPU
		{E8242224-4CED-471F-868C-C837DEE7B21C}.Debug|x86.Build.0 = Debug|Any CPU
		{E8242224-4CED-471F-868C-C837DEE7B21C}.Release|Any CPU.ActiveCfg = Release|Any CPU
		{E8242224-4CED-471F-868C-C837DEE7B21C}.Release|Any CPU.Build.0 = Release|Any CPU
		{E8242224-4CED-471F-868C-C837DEE7B21C}.Release|x64.ActiveCfg = Release|Any CPU
		{E8242224-4CED-471F-868C-C837DEE7B21C}.Release|x64.Build.0 = Release|Any CPU
		{E8242224-4CED-471F-868C-C837DEE7B21C}.Release|x86.ActiveCfg = Release|Any CPU
		{E8242224-4CED-471F-868C-C837DEE7B21C}.Release|x86.Build.0 = Release|Any CPU
		{0ACCEA29-52B2-4C3A-8B4D-76A661441D7E}.Debug|Any CPU.ActiveCfg = Debug|Any CPU
		{0ACCEA29-52B2-4C3A-8B4D-76A661441D7E}.Debug|Any CPU.Build.0 = Debug|Any CPU
		{0ACCEA29-52B2-4C3A-8B4D-76A661441D7E}.Debug|x64.ActiveCfg = Debug|Any CPU
		{0ACCEA29-52B2-4C3A-8B4D-76A661441D7E}.Debug|x64.Build.0 = Debug|Any CPU
		{0ACCEA29-52B2-4C3A-8B4D-76A661441D7E}.Debug|x86.ActiveCfg = Debug|Any CPU
		{0ACCEA29-52B2-4C3A-8B4D-76A661441D7E}.Debug|x86.Build.0 = Debug|Any CPU
		{0ACCEA29-52B2-4C3A-8B4D-76A661441D7E}.Release|Any CPU.ActiveCfg = Release|Any CPU
		{0ACCEA29-52B2-4C3A-8B4D-76A661441D7E}.Release|Any CPU.Build.0 = Release|Any CPU
		{0ACCEA29-52B2-4C3A-8B4D-76A661441D7E}.Release|x64.ActiveCfg = Release|Any CPU
		{0ACCEA29-52B2-4C3A-8B4D-76A661441D7E}.Release|x64.Build.0 = Release|Any CPU
		{0ACCEA29-52B2-4C3A-8B4D-76A661441D7E}.Release|x86.ActiveCfg = Release|Any CPU
		{0ACCEA29-52B2-4C3A-8B4D-76A661441D7E}.Release|x86.Build.0 = Release|Any CPU
		{5042D27F-7FCE-4A46-AB2C-D17B1A7E5898}.Debug|Any CPU.ActiveCfg = Debug|Any CPU
		{5042D27F-7FCE-4A46-AB2C-D17B1A7E5898}.Debug|Any CPU.Build.0 = Debug|Any CPU
		{5042D27F-7FCE-4A46-AB2C-D17B1A7E5898}.Debug|x64.ActiveCfg = Debug|Any CPU
		{5042D27F-7FCE-4A46-AB2C-D17B1A7E5898}.Debug|x64.Build.0 = Debug|Any CPU
		{5042D27F-7FCE-4A46-AB2C-D17B1A7E5898}.Debug|x86.ActiveCfg = Debug|Any CPU
		{5042D27F-7FCE-4A46-AB2C-D17B1A7E5898}.Debug|x86.Build.0 = Debug|Any CPU
		{5042D27F-7FCE-4A46-AB2C-D17B1A7E5898}.Release|Any CPU.ActiveCfg = Release|Any CPU
		{5042D27F-7FCE-4A46-AB2C-D17B1A7E5898}.Release|Any CPU.Build.0 = Release|Any CPU
		{5042D27F-7FCE-4A46-AB2C-D17B1A7E5898}.Release|x64.ActiveCfg = Release|Any CPU
		{5042D27F-7FCE-4A46-AB2C-D17B1A7E5898}.Release|x64.Build.0 = Release|Any CPU
		{5042D27F-7FCE-4A46-AB2C-D17B1A7E5898}.Release|x86.ActiveCfg = Release|Any CPU
		{5042D27F-7FCE-4A46-AB2C-D17B1A7E5898}.Release|x86.Build.0 = Release|Any CPU
		{857F34D2-B4BA-4B5A-B7F9-6FA41E1950E0}.Debug|Any CPU.ActiveCfg = Debug|Any CPU
		{857F34D2-B4BA-4B5A-B7F9-6FA41E1950E0}.Debug|Any CPU.Build.0 = Debug|Any CPU
		{857F34D2-B4BA-4B5A-B7F9-6FA41E1950E0}.Debug|x64.ActiveCfg = Debug|Any CPU
		{857F34D2-B4BA-4B5A-B7F9-6FA41E1950E0}.Debug|x64.Build.0 = Debug|Any CPU
		{857F34D2-B4BA-4B5A-B7F9-6FA41E1950E0}.Debug|x86.ActiveCfg = Debug|Any CPU
		{857F34D2-B4BA-4B5A-B7F9-6FA41E1950E0}.Debug|x86.Build.0 = Debug|Any CPU
		{857F34D2-B4BA-4B5A-B7F9-6FA41E1950E0}.Release|Any CPU.ActiveCfg = Release|Any CPU
		{857F34D2-B4BA-4B5A-B7F9-6FA41E1950E0}.Release|Any CPU.Build.0 = Release|Any CPU
		{857F34D2-B4BA-4B5A-B7F9-6FA41E1950E0}.Release|x64.ActiveCfg = Release|Any CPU
		{857F34D2-B4BA-4B5A-B7F9-6FA41E1950E0}.Release|x64.Build.0 = Release|Any CPU
		{857F34D2-B4BA-4B5A-B7F9-6FA41E1950E0}.Release|x86.ActiveCfg = Release|Any CPU
		{857F34D2-B4BA-4B5A-B7F9-6FA41E1950E0}.Release|x86.Build.0 = Release|Any CPU
		{FE222950-6DBE-4DB9-9305-0DB3B712B926}.Debug|Any CPU.ActiveCfg = Debug|Any CPU
		{FE222950-6DBE-4DB9-9305-0DB3B712B926}.Debug|Any CPU.Build.0 = Debug|Any CPU
		{FE222950-6DBE-4DB9-9305-0DB3B712B926}.Debug|x64.ActiveCfg = Debug|Any CPU
		{FE222950-6DBE-4DB9-9305-0DB3B712B926}.Debug|x64.Build.0 = Debug|Any CPU
		{FE222950-6DBE-4DB9-9305-0DB3B712B926}.Debug|x86.ActiveCfg = Debug|Any CPU
		{FE222950-6DBE-4DB9-9305-0DB3B712B926}.Debug|x86.Build.0 = Debug|Any CPU
		{FE222950-6DBE-4DB9-9305-0DB3B712B926}.Release|Any CPU.ActiveCfg = Release|Any CPU
		{FE222950-6DBE-4DB9-9305-0DB3B712B926}.Release|Any CPU.Build.0 = Release|Any CPU
		{FE222950-6DBE-4DB9-9305-0DB3B712B926}.Release|x64.ActiveCfg = Release|Any CPU
		{FE222950-6DBE-4DB9-9305-0DB3B712B926}.Release|x64.Build.0 = Release|Any CPU
		{FE222950-6DBE-4DB9-9305-0DB3B712B926}.Release|x86.ActiveCfg = Release|Any CPU
		{FE222950-6DBE-4DB9-9305-0DB3B712B926}.Release|x86.Build.0 = Release|Any CPU
		{ED69D0C1-FB74-4B0B-8C38-B1984539C9FB}.Debug|Any CPU.ActiveCfg = Debug|Any CPU
		{ED69D0C1-FB74-4B0B-8C38-B1984539C9FB}.Debug|Any CPU.Build.0 = Debug|Any CPU
		{ED69D0C1-FB74-4B0B-8C38-B1984539C9FB}.Debug|x64.ActiveCfg = Debug|Any CPU
		{ED69D0C1-FB74-4B0B-8C38-B1984539C9FB}.Debug|x64.Build.0 = Debug|Any CPU
		{ED69D0C1-FB74-4B0B-8C38-B1984539C9FB}.Debug|x86.ActiveCfg = Debug|Any CPU
		{ED69D0C1-FB74-4B0B-8C38-B1984539C9FB}.Debug|x86.Build.0 = Debug|Any CPU
		{ED69D0C1-FB74-4B0B-8C38-B1984539C9FB}.Release|Any CPU.ActiveCfg = Release|Any CPU
		{ED69D0C1-FB74-4B0B-8C38-B1984539C9FB}.Release|Any CPU.Build.0 = Release|Any CPU
		{ED69D0C1-FB74-4B0B-8C38-B1984539C9FB}.Release|x64.ActiveCfg = Release|Any CPU
		{ED69D0C1-FB74-4B0B-8C38-B1984539C9FB}.Release|x64.Build.0 = Release|Any CPU
		{ED69D0C1-FB74-4B0B-8C38-B1984539C9FB}.Release|x86.ActiveCfg = Release|Any CPU
		{ED69D0C1-FB74-4B0B-8C38-B1984539C9FB}.Release|x86.Build.0 = Release|Any CPU
		{654B3FF7-6AD8-4CCB-B701-6F2AE20C4CDE}.Debug|Any CPU.ActiveCfg = Debug|Any CPU
		{654B3FF7-6AD8-4CCB-B701-6F2AE20C4CDE}.Debug|Any CPU.Build.0 = Debug|Any CPU
		{654B3FF7-6AD8-4CCB-B701-6F2AE20C4CDE}.Debug|x64.ActiveCfg = Debug|Any CPU
		{654B3FF7-6AD8-4CCB-B701-6F2AE20C4CDE}.Debug|x64.Build.0 = Debug|Any CPU
		{654B3FF7-6AD8-4CCB-B701-6F2AE20C4CDE}.Debug|x86.ActiveCfg = Debug|Any CPU
		{654B3FF7-6AD8-4CCB-B701-6F2AE20C4CDE}.Debug|x86.Build.0 = Debug|Any CPU
		{654B3FF7-6AD8-4CCB-B701-6F2AE20C4CDE}.Release|Any CPU.ActiveCfg = Release|Any CPU
		{654B3FF7-6AD8-4CCB-B701-6F2AE20C4CDE}.Release|Any CPU.Build.0 = Release|Any CPU
		{654B3FF7-6AD8-4CCB-B701-6F2AE20C4CDE}.Release|x64.ActiveCfg = Release|Any CPU
		{654B3FF7-6AD8-4CCB-B701-6F2AE20C4CDE}.Release|x64.Build.0 = Release|Any CPU
		{654B3FF7-6AD8-4CCB-B701-6F2AE20C4CDE}.Release|x86.ActiveCfg = Release|Any CPU
		{654B3FF7-6AD8-4CCB-B701-6F2AE20C4CDE}.Release|x86.Build.0 = Release|Any CPU
		{1428ECC5-1B7E-4A11-9593-55271FF864AD}.Debug|Any CPU.ActiveCfg = Debug|Any CPU
		{1428ECC5-1B7E-4A11-9593-55271FF864AD}.Debug|Any CPU.Build.0 = Debug|Any CPU
		{1428ECC5-1B7E-4A11-9593-55271FF864AD}.Debug|x64.ActiveCfg = Debug|Any CPU
		{1428ECC5-1B7E-4A11-9593-55271FF864AD}.Debug|x64.Build.0 = Debug|Any CPU
		{1428ECC5-1B7E-4A11-9593-55271FF864AD}.Debug|x86.ActiveCfg = Debug|Any CPU
		{1428ECC5-1B7E-4A11-9593-55271FF864AD}.Debug|x86.Build.0 = Debug|Any CPU
		{1428ECC5-1B7E-4A11-9593-55271FF864AD}.Release|Any CPU.ActiveCfg = Release|Any CPU
		{1428ECC5-1B7E-4A11-9593-55271FF864AD}.Release|Any CPU.Build.0 = Release|Any CPU
		{1428ECC5-1B7E-4A11-9593-55271FF864AD}.Release|x64.ActiveCfg = Release|Any CPU
		{1428ECC5-1B7E-4A11-9593-55271FF864AD}.Release|x64.Build.0 = Release|Any CPU
		{1428ECC5-1B7E-4A11-9593-55271FF864AD}.Release|x86.ActiveCfg = Release|Any CPU
		{1428ECC5-1B7E-4A11-9593-55271FF864AD}.Release|x86.Build.0 = Release|Any CPU
		{D66CF0B5-D066-41B1-B522-89F5EE419E45}.Debug|Any CPU.ActiveCfg = Debug|Any CPU
		{D66CF0B5-D066-41B1-B522-89F5EE419E45}.Debug|Any CPU.Build.0 = Debug|Any CPU
		{D66CF0B5-D066-41B1-B522-89F5EE419E45}.Debug|x64.ActiveCfg = Debug|Any CPU
		{D66CF0B5-D066-41B1-B522-89F5EE419E45}.Debug|x64.Build.0 = Debug|Any CPU
		{D66CF0B5-D066-41B1-B522-89F5EE419E45}.Debug|x86.ActiveCfg = Debug|Any CPU
		{D66CF0B5-D066-41B1-B522-89F5EE419E45}.Debug|x86.Build.0 = Debug|Any CPU
		{D66CF0B5-D066-41B1-B522-89F5EE419E45}.Release|Any CPU.ActiveCfg = Release|Any CPU
		{D66CF0B5-D066-41B1-B522-89F5EE419E45}.Release|Any CPU.Build.0 = Release|Any CPU
		{D66CF0B5-D066-41B1-B522-89F5EE419E45}.Release|x64.ActiveCfg = Release|Any CPU
		{D66CF0B5-D066-41B1-B522-89F5EE419E45}.Release|x64.Build.0 = Release|Any CPU
		{D66CF0B5-D066-41B1-B522-89F5EE419E45}.Release|x86.ActiveCfg = Release|Any CPU
		{D66CF0B5-D066-41B1-B522-89F5EE419E45}.Release|x86.Build.0 = Release|Any CPU
		{DDE0B5A2-AA50-4620-BEA1-780E96FF9028}.Debug|Any CPU.ActiveCfg = Debug|Any CPU
		{DDE0B5A2-AA50-4620-BEA1-780E96FF9028}.Debug|Any CPU.Build.0 = Debug|Any CPU
		{DDE0B5A2-AA50-4620-BEA1-780E96FF9028}.Debug|x64.ActiveCfg = Debug|Any CPU
		{DDE0B5A2-AA50-4620-BEA1-780E96FF9028}.Debug|x64.Build.0 = Debug|Any CPU
		{DDE0B5A2-AA50-4620-BEA1-780E96FF9028}.Debug|x86.ActiveCfg = Debug|Any CPU
		{DDE0B5A2-AA50-4620-BEA1-780E96FF9028}.Debug|x86.Build.0 = Debug|Any CPU
		{DDE0B5A2-AA50-4620-BEA1-780E96FF9028}.Release|Any CPU.ActiveCfg = Release|Any CPU
		{DDE0B5A2-AA50-4620-BEA1-780E96FF9028}.Release|Any CPU.Build.0 = Release|Any CPU
		{DDE0B5A2-AA50-4620-BEA1-780E96FF9028}.Release|x64.ActiveCfg = Release|Any CPU
		{DDE0B5A2-AA50-4620-BEA1-780E96FF9028}.Release|x64.Build.0 = Release|Any CPU
		{DDE0B5A2-AA50-4620-BEA1-780E96FF9028}.Release|x86.ActiveCfg = Release|Any CPU
		{DDE0B5A2-AA50-4620-BEA1-780E96FF9028}.Release|x86.Build.0 = Release|Any CPU
		{310B3793-42DA-4495-9ED7-C85ADB1CA110}.Debug|Any CPU.ActiveCfg = Debug|Any CPU
		{310B3793-42DA-4495-9ED7-C85ADB1CA110}.Debug|Any CPU.Build.0 = Debug|Any CPU
		{310B3793-42DA-4495-9ED7-C85ADB1CA110}.Debug|x64.ActiveCfg = Debug|Any CPU
		{310B3793-42DA-4495-9ED7-C85ADB1CA110}.Debug|x64.Build.0 = Debug|Any CPU
		{310B3793-42DA-4495-9ED7-C85ADB1CA110}.Debug|x86.ActiveCfg = Debug|Any CPU
		{310B3793-42DA-4495-9ED7-C85ADB1CA110}.Debug|x86.Build.0 = Debug|Any CPU
		{310B3793-42DA-4495-9ED7-C85ADB1CA110}.Release|Any CPU.ActiveCfg = Release|Any CPU
		{310B3793-42DA-4495-9ED7-C85ADB1CA110}.Release|Any CPU.Build.0 = Release|Any CPU
		{310B3793-42DA-4495-9ED7-C85ADB1CA110}.Release|x64.ActiveCfg = Release|Any CPU
		{310B3793-42DA-4495-9ED7-C85ADB1CA110}.Release|x64.Build.0 = Release|Any CPU
		{310B3793-42DA-4495-9ED7-C85ADB1CA110}.Release|x86.ActiveCfg = Release|Any CPU
		{310B3793-42DA-4495-9ED7-C85ADB1CA110}.Release|x86.Build.0 = Release|Any CPU
		{18D0F0F8-355E-4EBA-BD5C-39CCBF4AB57E}.Debug|Any CPU.ActiveCfg = Debug|Any CPU
		{18D0F0F8-355E-4EBA-BD5C-39CCBF4AB57E}.Debug|Any CPU.Build.0 = Debug|Any CPU
		{18D0F0F8-355E-4EBA-BD5C-39CCBF4AB57E}.Debug|x64.ActiveCfg = Debug|Any CPU
		{18D0F0F8-355E-4EBA-BD5C-39CCBF4AB57E}.Debug|x64.Build.0 = Debug|Any CPU
		{18D0F0F8-355E-4EBA-BD5C-39CCBF4AB57E}.Debug|x86.ActiveCfg = Debug|Any CPU
		{18D0F0F8-355E-4EBA-BD5C-39CCBF4AB57E}.Debug|x86.Build.0 = Debug|Any CPU
		{18D0F0F8-355E-4EBA-BD5C-39CCBF4AB57E}.Release|Any CPU.ActiveCfg = Release|Any CPU
		{18D0F0F8-355E-4EBA-BD5C-39CCBF4AB57E}.Release|Any CPU.Build.0 = Release|Any CPU
		{18D0F0F8-355E-4EBA-BD5C-39CCBF4AB57E}.Release|x64.ActiveCfg = Release|Any CPU
		{18D0F0F8-355E-4EBA-BD5C-39CCBF4AB57E}.Release|x64.Build.0 = Release|Any CPU
		{18D0F0F8-355E-4EBA-BD5C-39CCBF4AB57E}.Release|x86.ActiveCfg = Release|Any CPU
		{18D0F0F8-355E-4EBA-BD5C-39CCBF4AB57E}.Release|x86.Build.0 = Release|Any CPU
		{1D3022CF-1736-4456-95B3-39C5171A9861}.Debug|Any CPU.ActiveCfg = Debug|Any CPU
		{1D3022CF-1736-4456-95B3-39C5171A9861}.Debug|Any CPU.Build.0 = Debug|Any CPU
		{1D3022CF-1736-4456-95B3-39C5171A9861}.Debug|x64.ActiveCfg = Debug|Any CPU
		{1D3022CF-1736-4456-95B3-39C5171A9861}.Debug|x64.Build.0 = Debug|Any CPU
		{1D3022CF-1736-4456-95B3-39C5171A9861}.Debug|x86.ActiveCfg = Debug|Any CPU
		{1D3022CF-1736-4456-95B3-39C5171A9861}.Debug|x86.Build.0 = Debug|Any CPU
		{1D3022CF-1736-4456-95B3-39C5171A9861}.Release|Any CPU.ActiveCfg = Release|Any CPU
		{1D3022CF-1736-4456-95B3-39C5171A9861}.Release|Any CPU.Build.0 = Release|Any CPU
		{1D3022CF-1736-4456-95B3-39C5171A9861}.Release|x64.ActiveCfg = Release|Any CPU
		{1D3022CF-1736-4456-95B3-39C5171A9861}.Release|x64.Build.0 = Release|Any CPU
		{1D3022CF-1736-4456-95B3-39C5171A9861}.Release|x86.ActiveCfg = Release|Any CPU
		{1D3022CF-1736-4456-95B3-39C5171A9861}.Release|x86.Build.0 = Release|Any CPU
	EndGlobalSection
	GlobalSection(SolutionProperties) = preSolution
		HideSolutionNode = FALSE
	EndGlobalSection
	GlobalSection(NestedProjects) = preSolution
		{18367DEC-9EEB-4EC2-BCDF-6EC00616D6F7} = {2ABBEC22-95A3-437C-94C1-3E6083F5EE51}
		{53DD3C72-1D3B-4C06-8BAE-922B9849809A} = {18367DEC-9EEB-4EC2-BCDF-6EC00616D6F7}
		{E2D97456-17AA-4E70-98FF-6006DE2EDDEC} = {2ABBEC22-95A3-437C-94C1-3E6083F5EE51}
		{2FD5E243-48F5-4AC0-A517-1ABF6BB1B708} = {E2D97456-17AA-4E70-98FF-6006DE2EDDEC}
		{B74189CC-FF66-4C92-A72A-CE33BAF796CC} = {2FD5E243-48F5-4AC0-A517-1ABF6BB1B708}
		{0F3DA1A4-A6D3-4215-87C7-2C44CF38DDFC} = {16324693-9B2C-451C-B4B2-9833589E9FD9}
		{851B950C-5743-4DD7-8550-7CE31215BBB7} = {0F3DA1A4-A6D3-4215-87C7-2C44CF38DDFC}
		{354D6D3C-C20D-47C3-B001-44B036E93F14} = {851B950C-5743-4DD7-8550-7CE31215BBB7}
		{1B4665F8-FE05-41AD-B192-8EB8ACD98F60} = {16324693-9B2C-451C-B4B2-9833589E9FD9}
		{3EDA3849-6371-41DE-A426-84AC64BEE29F} = {1B4665F8-FE05-41AD-B192-8EB8ACD98F60}
		{A9AEB044-46C4-4174-9BA6-04D376FD1D72} = {16324693-9B2C-451C-B4B2-9833589E9FD9}
		{32705691-3563-49B0-82F8-BB8F9E38907E} = {A9AEB044-46C4-4174-9BA6-04D376FD1D72}
		{B7F69945-06C0-462A-BC41-75AD64A83292} = {E2D97456-17AA-4E70-98FF-6006DE2EDDEC}
		{E8242224-4CED-471F-868C-C837DEE7B21C} = {B7F69945-06C0-462A-BC41-75AD64A83292}
		{F11CA0DE-D4AD-41BF-AC75-DDACD188F0D3} = {0F3DA1A4-A6D3-4215-87C7-2C44CF38DDFC}
		{0ACCEA29-52B2-4C3A-8B4D-76A661441D7E} = {F11CA0DE-D4AD-41BF-AC75-DDACD188F0D3}
		{80836DFF-0F7A-498C-BDF2-76AE9D85918D} = {E2D97456-17AA-4E70-98FF-6006DE2EDDEC}
		{5042D27F-7FCE-4A46-AB2C-D17B1A7E5898} = {80836DFF-0F7A-498C-BDF2-76AE9D85918D}
		{CFD283FC-45F6-438C-B01D-06FE96BB0BF7} = {0F3DA1A4-A6D3-4215-87C7-2C44CF38DDFC}
		{857F34D2-B4BA-4B5A-B7F9-6FA41E1950E0} = {CFD283FC-45F6-438C-B01D-06FE96BB0BF7}
		{FE222950-6DBE-4DB9-9305-0DB3B712B926} = {18367DEC-9EEB-4EC2-BCDF-6EC00616D6F7}
		{8CF5BB67-7736-45A5-A507-EA021CD4D952} = {E2D97456-17AA-4E70-98FF-6006DE2EDDEC}
		{ED69D0C1-FB74-4B0B-8C38-B1984539C9FB} = {8CF5BB67-7736-45A5-A507-EA021CD4D952}
		{B270D9B3-C0C2-4FAE-9920-7F950F0B886E} = {0F3DA1A4-A6D3-4215-87C7-2C44CF38DDFC}
		{654B3FF7-6AD8-4CCB-B701-6F2AE20C4CDE} = {B270D9B3-C0C2-4FAE-9920-7F950F0B886E}
		{D402071C-B9F9-47E6-858C-087D06AEDDB0} = {2ABBEC22-95A3-437C-94C1-3E6083F5EE51}
		{1428ECC5-1B7E-4A11-9593-55271FF864AD} = {D402071C-B9F9-47E6-858C-087D06AEDDB0}
		{73A6C398-7013-486A-8018-C96BF2F44DF9} = {16324693-9B2C-451C-B4B2-9833589E9FD9}
		{D66CF0B5-D066-41B1-B522-89F5EE419E45} = {73A6C398-7013-486A-8018-C96BF2F44DF9}
		{18BD9DDB-466C-4630-B6D6-E794B09AAC8D} = {C38A8607-17BA-43D8-97BC-5808977A347F}
		{DDE0B5A2-AA50-4620-BEA1-780E96FF9028} = {0E59F629-A466-4FDB-B1F4-373D8229A5EF}
		{310B3793-42DA-4495-9ED7-C85ADB1CA110} = {0E59F629-A466-4FDB-B1F4-373D8229A5EF}
		{3ACC8CCB-C250-4313-A8E2-CFA1D0A2FC3B} = {E2D97456-17AA-4E70-98FF-6006DE2EDDEC}
		{18D0F0F8-355E-4EBA-BD5C-39CCBF4AB57E} = {3ACC8CCB-C250-4313-A8E2-CFA1D0A2FC3B}
		{339D47C1-C45F-4D66-8BE4-FD9957345F77} = {0F3DA1A4-A6D3-4215-87C7-2C44CF38DDFC}
		{1D3022CF-1736-4456-95B3-39C5171A9861} = {339D47C1-C45F-4D66-8BE4-FD9957345F77}
	EndGlobalSection
EndGlobal
